
Microsoft Visual Studio Solution File, Format Version 12.00
# Visual Studio 14
VisualStudioVersion = 14.0.23107.0
MinimumVisualStudioVersion = 10.0.40219.1
Project("{FAE04EC0-301F-11D3-BF4B-00C04F79EFBC}") = "WarArmy", "WarArmy\WarArmy.csproj", "{39A17BA9-6A83-4F12-A4FC-98B8D6968660}"
EndProject
Global
	GlobalSection(SolutionConfigurationPlatforms) = preSolution
		Debug|Any CPU = Debug|Any CPU
		Release|Any CPU = Release|Any CPU
	EndGlobalSection
	GlobalSection(ProjectConfigurationPlatforms) = postSolution
		{39A17BA9-6A83-4F12-A4FC-98B8D6968660}.Debug|Any CPU.ActiveCfg = Debug|Any CPU
		{39A17BA9-6A83-4F12-A4FC-98B8D6968660}.Debug|Any CPU.Build.0 = Debug|Any CPU
		{39A17BA9-6A83-4F12-A4FC-98B8D6968660}.Release|Any CPU.ActiveCfg = Release|Any CPU
		{39A17BA9-6A83-4F12-A4FC-98B8D6968660}.Release|Any CPU.Build.0 = Release|Any CPU
	EndGlobalSection
	GlobalSection(SolutionProperties) = preSolution
		HideSolutionNode = FALSE
	EndGlobalSection
EndGlobal
